
Microsoft Visual Studio Solution File, Format Version 12.00
# Visual Studio Version 17
VisualStudioVersion = 17.8.34316.72
MinimumVisualStudioVersion = 10.0.40219.1
Project("{FAE04EC0-301F-11D3-BF4B-00C04F79EFBC}") = "Vissoft_SkyMath", "Vissoft_SkyMath.csproj", "{6A9AED3B-1500-4E0A-ABA8-B844B0A4DC55}"
EndProject
Project("{FAE04EC0-301F-11D3-BF4B-00C04F79EFBC}") = "Vissoft_SkyMath.Application", "..\Vissoft_SkyMath.Application\Vissoft_SkyMath.Application.csproj", "{1E9356A5-4139-4F8C-960C-D9D6B7829D01}"
EndProject
Project("{FAE04EC0-301F-11D3-BF4B-00C04F79EFBC}") = "Vissoft_SkyMath.Core", "..\Vissoft_SkyMath.Core\Vissoft_SkyMath.Core.csproj", "{372C3A1D-86AA-44EE-9DB8-FA8FB4E08426}"
EndProject
Project("{FAE04EC0-301F-11D3-BF4B-00C04F79EFBC}") = "Vissoft_SkyMath.Infrastructure", "..\Vissoft_SkyMath.Infrastructure\Vissoft_SkyMath.Infrastructure.csproj", "{2CDBEADB-BFB9-421C-ACBB-7B45D62848F7}"
EndProject
Global
	GlobalSection(SolutionConfigurationPlatforms) = preSolution
		Debug|Any CPU = Debug|Any CPU
		Release|Any CPU = Release|Any CPU
	EndGlobalSection
	GlobalSection(ProjectConfigurationPlatforms) = postSolution
		{6A9AED3B-1500-4E0A-ABA8-B844B0A4DC55}.Debug|Any CPU.ActiveCfg = Debug|Any CPU
		{6A9AED3B-1500-4E0A-ABA8-B844B0A4DC55}.Debug|Any CPU.Build.0 = Debug|Any CPU
		{6A9AED3B-1500-4E0A-ABA8-B844B0A4DC55}.Release|Any CPU.ActiveCfg = Release|Any CPU
		{6A9AED3B-1500-4E0A-ABA8-B844B0A4DC55}.Release|Any CPU.Build.0 = Release|Any CPU
		{1E9356A5-4139-4F8C-960C-D9D6B7829D01}.Debug|Any CPU.ActiveCfg = Debug|Any CPU
		{1E9356A5-4139-4F8C-960C-D9D6B7829D01}.Debug|Any CPU.Build.0 = Debug|Any CPU
		{1E9356A5-4139-4F8C-960C-D9D6B7829D01}.Release|Any CPU.ActiveCfg = Release|Any CPU
		{1E9356A5-4139-4F8C-960C-D9D6B7829D01}.Release|Any CPU.Build.0 = Release|Any CPU
		{372C3A1D-86AA-44EE-9DB8-FA8FB4E08426}.Debug|Any CPU.ActiveCfg = Debug|Any CPU
		{372C3A1D-86AA-44EE-9DB8-FA8FB4E08426}.Debug|Any CPU.Build.0 = Debug|Any CPU
		{372C3A1D-86AA-44EE-9DB8-FA8FB4E08426}.Release|Any CPU.ActiveCfg = Release|Any CPU
		{372C3A1D-86AA-44EE-9DB8-FA8FB4E08426}.Release|Any CPU.Build.0 = Release|Any CPU
		{2CDBEADB-BFB9-421C-ACBB-7B45D62848F7}.Debug|Any CPU.ActiveCfg = Debug|Any CPU
		{2CDBEADB-BFB9-421C-ACBB-7B45D62848F7}.Debug|Any CPU.Build.0 = Debug|Any CPU
		{2CDBEADB-BFB9-421C-ACBB-7B45D62848F7}.Release|Any CPU.ActiveCfg = Release|Any CPU
		{2CDBEADB-BFB9-421C-ACBB-7B45D62848F7}.Release|Any CPU.Build.0 = Release|Any CPU
	EndGlobalSection
	GlobalSection(SolutionProperties) = preSolution
		HideSolutionNode = FALSE
	EndGlobalSection
	GlobalSection(ExtensibilityGlobals) = postSolution
		SolutionGuid = {132E9D3B-F4F0-47A7-B02A-CDC702AAA366}
	EndGlobalSection
EndGlobal
